# This file is automatically @generated by Poetry 2.2.1 and should not be changed by hand.

[[package]]
name = "asgiref"
version = "3.11.1"
description = "ASGI specs, helper code, and adapters"
optional = false
python-versions = ">=3.9"
groups = ["main"]
files = [
    {file = "asgiref-3.11.1-py3-none-any.whl", hash = "sha256:e8667a091e69529631969fd45dc268fa79b99c92c5fcdda727757e52146ec133"},
    {file = "asgiref-3.11.1.tar.gz", hash = "sha256:5f184dc43b7e763efe848065441eac62229c9f7b0475f41f80e207a114eda4ce"},
]

[package.extras]
tests = ["mypy (>=1.14.0)", "pytest", "pytest-asyncio"]

[[package]]
name = "django"
version = "5.2.12"
description = "A high-level Python web framework that encourages rapid development and clean, pragmatic design."
optional = false
python-versions = ">=3.10"
groups = ["main"]
files = [
    {file = "django-5.2.12-py3-none-any.whl", hash = "sha256:4853482f395c3a151937f6991272540fcbf531464f254a347bf7c89f53c8cff7"},
    {file = "django-5.2.12.tar.gz", hash = "sha256:6b809af7165c73eff5ce1c87fdae75d4da6520d6667f86401ecf55b681eb1eeb"},
]

[package.dependencies]
asgiref = ">=3.8.1"
sqlparse = ">=0.3.1"
tzdata = {version = "*", markers = "sys_platform == \"win32\""}

[package.extras]
argon2 = ["argon2-cffi (>=19.1.0)"]
bcrypt = ["bcrypt"]

[[package]]
name = "django-axes"
version = "8.3.1"
description = "Keep track of failed login attempts in Django-powered sites."
optional = false
python-versions = ">=3.10"
groups = ["main"]
files = [
    {file = "django_axes-8.3.1-py3-none-any.whl", hash = "sha256:f7887582fd12713064f1602091ff6152752becae5e891a15bf802746cab0f51a"},
    {file = "django_axes-8.3.1.tar.gz", hash = "sha256:d57e923c0ba33cf45275253dd1313c3a3ff04bec686b38d677beb2b3d43c7bcd"},
]

[package.dependencies]
asgiref = ">=3.6.0"
django = ">=4.2"

[package.extras]
ipware = ["django-ipware (>=3)"]

[[package]]
name = "django-debug-toolbar"
version = "6.2.0"
description = "A configurable set of panels that display various debug information about the current request/response."
optional = false
python-versions = ">=3.10"
groups = ["main"]
files = [
    {file = "django_debug_toolbar-6.2.0-py3-none-any.whl", hash = "sha256:1575461954e6befa720e999dec13fe4f1cc8baf40b6c3ac2aec5f340c0f9c85f"},
    {file = "django_debug_toolbar-6.2.0.tar.gz", hash = "sha256:dc1c174d8fb0ea01435e02d9ceef735cf62daf37c1a6a5692d33b4127327679b"},
]

[package.dependencies]
django = ">=4.2.9"
sqlparse = ">=0.2"

[[package]]
name = "django-redis"
version = "6.0.0"
description = "Full featured redis cache backend for Django."
optional = false
python-versions = ">=3.9"
groups = ["main"]
files = [
    {file = "django_redis-6.0.0-py3-none-any.whl", hash = "sha256:20bf0063a8abee567eb5f77f375143c32810c8700c0674ced34737f8de4e36c0"},
    {file = "django_redis-6.0.0.tar.gz", hash = "sha256:2d9cb12a20424a4c4dde082c6122f486628bae2d9c2bee4c0126a4de7fda00dd"},
]

[package.dependencies]
Django = ">=4.2"
redis = ">=4.0.2"

[package.extras]
hiredis = ["redis[hiredis] (>=4.0.2)"]

[[package]]
name = "psycopg"
version = "3.3.3"
description = "PostgreSQL database adapter for Python"
optional = false
python-versions = ">=3.10"
groups = ["main"]
files = [
    {file = "psycopg-3.3.3-py3-none-any.whl", hash = "sha256:f96525a72bcfade6584ab17e89de415ff360748c766f0106959144dcbb38c698"},
    {file = "psycopg-3.3.3.tar.gz", hash = "sha256:5e9a47458b3c1583326513b2556a2a9473a1001a56c9efe9e587245b43148dd9"},
]

[package.dependencies]
tzdata = {version = "*", markers = "sys_platform == \"win32\""}

[package.extras]
binary = ["psycopg-binary (==3.3.3) ; implementation_name != \"pypy\""]
c = ["psycopg-c (==3.3.3) ; implementation_name != \"pypy\""]
dev = ["ast-comments (>=1.1.2)", "black (>=26.1.0)", "codespell (>=2.2)", "cython-lint (>=0.16)", "dnspython (>=2.1)", "flake8 (>=4.0)", "isort-psycopg", "isort[colors] (>=6.0)", "mypy (>=1.19.0)", "pre-commit (>=4.0.1)", "types-setuptools (>=57.4)", "types-shapely (>=2.0)", "wheel (>=0.37)"]
docs = ["Sphinx (>=5.0)", "furo (==2022.6.21)", "sphinx-autobuild (>=2021.3.14)", "sphinx-autodoc-typehints (>=1.12)"]
pool = ["psycopg-pool"]
test = ["anyio (>=4.0)", "mypy (>=1.19.0) ; implementation_name != \"pypy\"", "pproxy (>=2.7)", "pytest (>=6.2.5)", "pytest-cov (>=3.0)", "pytest-randomly (>=3.5)"]

[[package]]
name = "redis"
version = "7.3.0"
description = "Python client for Redis database and key-value store"
optional = false
python-versions = ">=3.10"
groups = ["main"]
files = [
    {file = "redis-7.3.0-py3-none-any.whl", hash = "sha256:9d4fcb002a12a5e3c3fbe005d59c48a2cc231f87fbb2f6b70c2d89bb64fec364"},
    {file = "redis-7.3.0.tar.gz", hash = "sha256:4d1b768aafcf41b01022410b3cc4f15a07d9b3d6fe0c66fc967da2c88e551034"},
]

[package.extras]
circuit-breaker = ["pybreaker (>=1.4.0)"]
hiredis = ["hiredis (>=3.2.0)"]
jwt = ["pyjwt (>=2.9.0)"]
ocsp = ["cryptography (>=36.0.1)", "pyopenssl (>=20.0.1)", "requests (>=2.31.0)"]
otel = ["opentelemetry-api (>=1.39.1)", "opentelemetry-exporter-otlp-proto-http (>=1.39.1)", "opentelemetry-sdk (>=1.39.1)"]
xxhash = ["xxhash (>=3.6.0,<3.7.0)"]

[[package]]
name = "sqlparse"
version = "0.5.5"
description = "A non-validating SQL parser."
optional = false
python-versions = ">=3.8"
groups = ["main"]
files = [
    {file = "sqlparse-0.5.5-py3-none-any.whl", hash = "sha256:12a08b3bf3eec877c519589833aed092e2444e68240a3577e8e26148acc7b1ba"},
    {file = "sqlparse-0.5.5.tar.gz", hash = "sha256:e20d4a9b0b8585fdf63b10d30066c7c94c5d7a7ec47c889a2d83a3caa93ff28e"},
]

[package.extras]
dev = ["build"]
doc = ["sphinx"]

[[package]]
name = "tzdata"
version = "2025.3"
description = "Provider of IANA time zone data"
optional = false
python-versions = ">=2"
groups = ["main"]
markers = "sys_platform == \"win32\""
files = [
    {file = "tzdata-2025.3-py2.py3-none-any.whl", hash = "sha256:06a47e5700f3081aab02b2e513160914ff0694bce9947d6b76ebd6bf57cfc5d1"},
    {file = "tzdata-2025.3.tar.gz", hash = "sha256:de39c2ca5dc7b0344f2eba86f49d614019d29f060fc4ebc8a417896a620b56a7"},
]

[metadata]
lock-version = "2.1"
python-versions = ">=3.13"
content-hash = "b7bb41343064196589548dbbd3b5c5583eb5fb34004c53d9bba6646c9b7fd0ac"
